
Microsoft Visual Studio Solution File, Format Version 12.00
# Visual Studio Version 16
VisualStudioVersion = 16.0.31702.278
MinimumVisualStudioVersion = 10.0.40219.1
Project("{FAE04EC0-301F-11D3-BF4B-00C04F79EFBC}") = "Team A Robot Code", "Team A Robot Code\Team A Robot Code.csproj", "{14F491A0-54C8-44D7-AF66-F475A0708FC9}"
EndProject
Global
	GlobalSection(SolutionConfigurationPlatforms) = preSolution
		Debug|Any CPU = Debug|Any CPU
		Release|Any CPU = Release|Any CPU
	EndGlobalSection
	GlobalSection(ProjectConfigurationPlatforms) = postSolution
		{14F491A0-54C8-44D7-AF66-F475A0708FC9}.Debug|Any CPU.ActiveCfg = Debug|Any CPU
		{14F491A0-54C8-44D7-AF66-F475A0708FC9}.Debug|Any CPU.Build.0 = Debug|Any CPU
		{14F491A0-54C8-44D7-AF66-F475A0708FC9}.Debug|Any CPU.Deploy.0 = Debug|Any CPU
		{14F491A0-54C8-44D7-AF66-F475A0708FC9}.Release|Any CPU.ActiveCfg = Release|Any CPU
		{14F491A0-54C8-44D7-AF66-F475A0708FC9}.Release|Any CPU.Build.0 = Release|Any CPU
		{14F491A0-54C8-44D7-AF66-F475A0708FC9}.Release|Any CPU.Deploy.0 = Release|Any CPU
	EndGlobalSection
	GlobalSection(SolutionProperties) = preSolution
		HideSolutionNode = FALSE
	EndGlobalSection
	GlobalSection(ExtensibilityGlobals) = postSolution
		SolutionGuid = {0243A40A-2924-417E-A42C-73FA1E093E50}
	EndGlobalSection
EndGlobal
